
Microsoft Visual Studio Solution File, Format Version 12.00
# Visual Studio Version 17
VisualStudioVersion = 17.7.34031.279
MinimumVisualStudioVersion = 10.0.40219.1
Project("{9A19103F-16F7-4668-BE54-9A1E7A4F7556}") = "Aula3_Enunciado1", "Aula3_Enunciado1.csproj", "{50D84168-246B-4671-85D8-699674413882}"
EndProject
Project("{FAE04EC0-301F-11D3-BF4B-00C04F79EFBC}") = "Aula3_Enunciado2", "Enunciado2\Aula3_Enunciado2.csproj", "{9865A5F9-F3D2-42E4-88CD-7062B37C1AA0}"
EndProject
Global
	GlobalSection(SolutionConfigurationPlatforms) = preSolution
		Debug|Any CPU = Debug|Any CPU
		Release|Any CPU = Release|Any CPU
	EndGlobalSection
	GlobalSection(ProjectConfigurationPlatforms) = postSolution
		{50D84168-246B-4671-85D8-699674413882}.Debug|Any CPU.ActiveCfg = Debug|Any CPU
		{50D84168-246B-4671-85D8-699674413882}.Debug|Any CPU.Build.0 = Debug|Any CPU
		{50D84168-246B-4671-85D8-699674413882}.Release|Any CPU.ActiveCfg = Release|Any CPU
		{50D84168-246B-4671-85D8-699674413882}.Release|Any CPU.Build.0 = Release|Any CPU
		{9865A5F9-F3D2-42E4-88CD-7062B37C1AA0}.Debug|Any CPU.ActiveCfg = Debug|Any CPU
		{9865A5F9-F3D2-42E4-88CD-7062B37C1AA0}.Debug|Any CPU.Build.0 = Debug|Any CPU
		{9865A5F9-F3D2-42E4-88CD-7062B37C1AA0}.Release|Any CPU.ActiveCfg = Release|Any CPU
		{9865A5F9-F3D2-42E4-88CD-7062B37C1AA0}.Release|Any CPU.Build.0 = Release|Any CPU
	EndGlobalSection
	GlobalSection(SolutionProperties) = preSolution
		HideSolutionNode = FALSE
	EndGlobalSection
	GlobalSection(ExtensibilityGlobals) = postSolution
		SolutionGuid = {34BF79B5-987E-4759-95E9-8631769EE56A}
	EndGlobalSection
EndGlobal
